
Microsoft Visual Studio Solution File, Format Version 12.00
# Visual Studio 15
VisualStudioVersion = 15.0.27004.2002
MinimumVisualStudioVersion = 10.0.40219.1
Project("{FAE04EC0-301F-11D3-BF4B-00C04F79EFBC}") = "ViolaJones", "ViolaJones.csproj", "{CC813884-5D90-4044-9571-8FB7C54D9612}"
EndProject
Project("{FAE04EC0-301F-11D3-BF4B-00C04F79EFBC}") = "ViolaJonesHandler", "..\..\ViolaJonesService\ViolaJonesHandler\ViolaJonesHandler.csproj", "{FC64D40A-E385-4CE3-9D61-1C77469C2892}"
EndProject
Global
	GlobalSection(SolutionConfigurationPlatforms) = preSolution
		Debug|Any CPU = Debug|Any CPU
		Debug|x86 = Debug|x86
		Release|Any CPU = Release|Any CPU
		Release|x86 = Release|x86
	EndGlobalSection
	GlobalSection(ProjectConfigurationPlatforms) = postSolution
		{CC813884-5D90-4044-9571-8FB7C54D9612}.Debug|Any CPU.ActiveCfg = Debug|x86
		{CC813884-5D90-4044-9571-8FB7C54D9612}.Debug|x86.ActiveCfg = Debug|x86
		{CC813884-5D90-4044-9571-8FB7C54D9612}.Debug|x86.Build.0 = Debug|x86
		{CC813884-5D90-4044-9571-8FB7C54D9612}.Release|Any CPU.ActiveCfg = Release|x86
		{CC813884-5D90-4044-9571-8FB7C54D9612}.Release|x86.ActiveCfg = Release|x86
		{FC64D40A-E385-4CE3-9D61-1C77469C2892}.Debug|Any CPU.ActiveCfg = Debug|Any CPU
		{FC64D40A-E385-4CE3-9D61-1C77469C2892}.Debug|Any CPU.Build.0 = Debug|Any CPU
		{FC64D40A-E385-4CE3-9D61-1C77469C2892}.Debug|x86.ActiveCfg = Debug|Any CPU
		{FC64D40A-E385-4CE3-9D61-1C77469C2892}.Debug|x86.Build.0 = Debug|Any CPU
		{FC64D40A-E385-4CE3-9D61-1C77469C2892}.Release|Any CPU.ActiveCfg = Release|Any CPU
		{FC64D40A-E385-4CE3-9D61-1C77469C2892}.Release|Any CPU.Build.0 = Release|Any CPU
		{FC64D40A-E385-4CE3-9D61-1C77469C2892}.Release|x86.ActiveCfg = Release|Any CPU
		{FC64D40A-E385-4CE3-9D61-1C77469C2892}.Release|x86.Build.0 = Release|Any CPU
	EndGlobalSection
	GlobalSection(SolutionProperties) = preSolution
		HideSolutionNode = FALSE
	EndGlobalSection
	GlobalSection(ExtensibilityGlobals) = postSolution
		SolutionGuid = {6DD66655-5F36-4242-9FDD-1C897CA05C99}
	EndGlobalSection
EndGlobal
